{
  "version": "4",
  "specifiers": {
    "jsr:@std/encoding@1.0.6": "1.0.6"
  },
  "jsr": {
    "@std/encoding@1.0.6": {
      "integrity": "ca87122c196e8831737d9547acf001766618e78cd8c33920776c7f5885546069"
    }
  },
  "redirects": {
    "https://esm.sh/v135/@types/react@latest/index.d.ts": "https://esm.sh/v135/@types/react@19.0.2/index.d.ts"
  },
  "remote": {
    "https://esm.sh/react@19.0.0": "cdff7a8ec5c74ed8da35679db202c7443b03eca6bd8becb5b0cd53335fc81c1e",
    "https://esm.sh/remeda@2.19.0": "82bb3c58a62de1ee0303acbab815dbe6ddc625ed6305b92005c2b74c04e19c75",
    "https://esm.sh/remeda@2.19.0/denonext/remeda.mjs": "4772fc423152a082b5bf40c83d3486a8223c38e824eef144a7cfd491597e8913",
    "https://esm.sh/stable/react@19.0.0/denonext/react.mjs": "79056e5ef2a1c9601ae005ce23828f148d5e47291a65c573b275e19f19fa282f",
    "https://esm.sh/ts-pattern@5.6.0": "0200f12fddef676fdd4823ddb58f6ffc11b7c5dfe8d348b59a9b9ccb2769eec1",
    "https://esm.sh/ts-pattern@5.6.0/denonext/ts-pattern.mjs": "ef961b0f9db560a3a1f9e1c1b8c792be6aea75c38644e2720612cbb23899f612",
    "https://esm.sh/zod@3.24.1": "d8f5c6cf2c4ed543003211dcd9278e94544788f5cb36549ee0490dd27238fe82",
    "https://esm.sh/zod@3.24.1/denonext/zod.mjs": "32cf72ac44d794592028cb8e423d1f0c80525c49acf01f702c7dc6195b94eda3"
  },
  "workspace": {
    "dependencies": [
      "jsr:@deno/cache-dir@0.16.0",
      "jsr:@deno/dnt@0.41.3",
      "jsr:@std/assert@1.0.10",
      "jsr:@std/encoding@1.0.6",
      "jsr:@std/fs@1.0.8",
      "jsr:@std/testing@1.0.8",
      "npm:@resvg/resvg-js@2.6.2",
      "npm:satori@0.12.0",
      "npm:yoga-wasm-web@0.3.3"
    ],
    "packageJson": {
      "dependencies": [
        "npm:@resvg/resvg-js@^2.6.2",
        "npm:@types/react@19",
        "npm:react@19",
        "npm:remeda@^2.18.0",
        "npm:satori@0.12",
        "npm:ts-pattern@^5.6.0",
        "npm:yoga-wasm-web@~0.3.3",
        "npm:zod@^3.24.1"
      ]
    }
  }
}
