{
  "version": "4",
  "specifiers": {
    "jsr:@david/code-block-writer@^13.0.2": "13.0.3",
    "jsr:@deno/cache-dir@0.18.0": "0.18.0",
    "jsr:@deno/cache-dir@~0.10.3": "0.10.3",
    "jsr:@deno/dnt@0.41.3": "0.41.3",
    "jsr:@deno/graph@0.86": "0.86.9",
    "jsr:@deno/graph@~0.73.1": "0.73.1",
    "jsr:@std/assert@0.223": "0.223.0",
    "jsr:@std/assert@0.226": "0.226.0",
    "jsr:@std/assert@1.0.11": "1.0.11",
    "jsr:@std/bytes@0.223": "0.223.0",
    "jsr:@std/bytes@^1.0.5": "1.0.5",
    "jsr:@std/encoding@1.0.6": "1.0.6",
    "jsr:@std/fmt@0.223": "0.223.0",
    "jsr:@std/fmt@1": "1.0.6",
    "jsr:@std/fmt@^1.0.3": "1.0.6",
    "jsr:@std/fs@0.223": "0.223.0",
    "jsr:@std/fs@1": "1.0.14",
    "jsr:@std/fs@1.0.14": "1.0.14",
    "jsr:@std/fs@^1.0.6": "1.0.14",
    "jsr:@std/fs@~0.229.3": "0.229.3",
    "jsr:@std/internal@^1.0.5": "1.0.5",
    "jsr:@std/io@0.223": "0.223.0",
    "jsr:@std/io@0.225": "0.225.2",
    "jsr:@std/path@0.223": "0.223.0",
    "jsr:@std/path@1": "1.0.8",
    "jsr:@std/path@1.0.0-rc.1": "1.0.0-rc.1",
    "jsr:@std/path@^1.0.8": "1.0.8",
    "jsr:@std/path@~0.225.2": "0.225.2",
    "jsr:@ts-morph/bootstrap@0.24": "0.24.0",
    "jsr:@ts-morph/common@0.24": "0.24.0",
    "npm:@resvg/resvg-js@2.6.2": "2.6.2",
    "npm:@types/node@22.13.11": "22.13.11",
    "npm:satori@0.12.1": "0.12.1",
    "npm:yoga-wasm-web@0.3.3": "0.3.3"
  },
  "jsr": {
    "@david/code-block-writer@13.0.3": {
      "integrity": "fceda60aaef6cd6a23d8258ebbbe947a9059917c5d0058b247e9fed6db64f21c"
    },
    "@deno/cache-dir@0.10.3": {
      "integrity": "97e689d4cbb114a9cafc515fcf25a0e1b2e048f433fc73dfcbeb78f73cfea2ab",
      "dependencies": [
        "jsr:@deno/graph@~0.73.1",
        "jsr:@std/fmt@0.223",
        "jsr:@std/fs@0.223",
        "jsr:@std/io@0.223",
        "jsr:@std/path@0.223"
      ]
    },
    "@deno/cache-dir@0.18.0": {
      "integrity": "84a0d5b999c64b171f0bdc40c76e84e44bc39df68831c34b4228c8264ebbffed",
      "dependencies": [
        "jsr:@deno/graph@0.86",
        "jsr:@std/fmt@^1.0.3",
        "jsr:@std/fs@^1.0.6",
        "jsr:@std/io@0.225",
        "jsr:@std/path@^1.0.8"
      ]
    },
    "@deno/dnt@0.41.3": {
      "integrity": "bd1955b772f6a3b6d849eaa8fc8bb2853c352660aaf27bbf379848b449ec44fc",
      "dependencies": [
        "jsr:@david/code-block-writer",
        "jsr:@deno/cache-dir@~0.10.3",
        "jsr:@std/fmt@1",
        "jsr:@std/fs@1",
        "jsr:@std/path@1",
        "jsr:@ts-morph/bootstrap"
      ]
    },
    "@deno/graph@0.73.1": {
      "integrity": "32ca9dfb2ad2a2692f1ea33935ae22d8660f6c02ef71056d4e7ecb8d97968e1e"
    },
    "@deno/graph@0.86.9": {
      "integrity": "efce8c52f74fe793e6f7be8c641a1f4dcd33ce91ab66e82253f802c4ad83ba57"
    },
    "@std/assert@0.223.0": {
      "integrity": "e74e0c1b7604cccc2831cfab639fa8da32047ec2ada996704d78596c41310f2c"
    },
    "@std/assert@0.226.0": {
      "integrity": "82b3c16b9e20c75dc21d620732d478164c42fb0fbc6ce3d2da092c1fbca1eff5"
    },
    "@std/assert@1.0.11": {
      "integrity": "515beec62dac615336d07853c33fe939e7787b4ddad80a7fe81525a954c00ef7",
      "dependencies": [
        "jsr:@std/internal"
      ]
    },
    "@std/bytes@0.223.0": {
      "integrity": "58bbfa2da8827af50976fb2048516a04a2e08e0641676cbb9008a81a7df94976"
    },
    "@std/bytes@1.0.5": {
      "integrity": "72918ad0134024d2d986f8f773790311df7772c3f57efc275ebcb12481ae6f6e"
    },
    "@std/encoding@1.0.6": {
      "integrity": "45ff6c42e99e54fa3427db85fab1b3013da403e366ae27d70ab6fa2cf1a45715"
    },
    "@std/fmt@0.223.0": {
      "integrity": "9c63cac60588cb69b486c17a6dbf8ecebc8cd5e0e50504a653ceede245fcc064"
    },
    "@std/fmt@1.0.6": {
      "integrity": "791fa18ebacbcac76ea83fa94fd0c7ba9b94ba88dc88dfa67426b04da44655ca"
    },
    "@std/fs@0.223.0": {
      "integrity": "10e4fd362df2d47109c7f098ab9f0a0e314c5a4c68a4b3ce853ad3fa1415c2bd"
    },
    "@std/fs@0.229.3": {
      "integrity": "fb9cb4f6c9482f996f28cf57d6f79818c36408f17420a4b01570276229e44cb8",
      "dependencies": [
        "jsr:@std/path@1.0.0-rc.1"
      ]
    },
    "@std/fs@1.0.14": {
      "integrity": "33eed9071074e3509f2ced80c831c1c53be111c368cb7180aabae1f226112587",
      "dependencies": [
        "jsr:@std/path@^1.0.8"
      ]
    },
    "@std/internal@1.0.5": {
      "integrity": "dd405d856b94c05421af1fffc9bc50339d9b797214d6cead9acc4ce799b42fd4"
    },
    "@std/io@0.223.0": {
      "integrity": "fe110ae26575e504f5007ce4e054f77b147d8470eb68eb19778a534840ca51e2",
      "dependencies": [
        "jsr:@std/assert@0.223",
        "jsr:@std/bytes@0.223"
      ]
    },
    "@std/io@0.225.2": {
      "integrity": "4bb3944de5d0234cecade933d1860b96d6862d90c99a90db4443fa5d11a6b8c2",
      "dependencies": [
        "jsr:@std/bytes@^1.0.5"
      ]
    },
    "@std/path@0.223.0": {
      "integrity": "0dc5376f27e258da184f3ccf6e57bcfd2f9fd35d9cf768252fa904f76072f4b4",
      "dependencies": [
        "jsr:@std/assert@0.223"
      ]
    },
    "@std/path@0.225.2": {
      "integrity": "9ee27a44d707b1b8d6355f5aefcba9fe00c8e9774d88d99740ece82fab0e05fa",
      "dependencies": [
        "jsr:@std/assert@0.226"
      ]
    },
    "@std/path@1.0.0-rc.1": {
      "integrity": "3e48dee25a35027a3dbbe5fdc03eef2c9339874591eb93bcc2a5b2417dfe0186"
    },
    "@std/path@1.0.8": {
      "integrity": "81f12cb505c89b56afe707d8d0b99af44f2a79c42f79d8a95ba3933de8db1b66"
    },
    "@ts-morph/bootstrap@0.24.0": {
      "integrity": "3fc85a47493dbb1da20e658d802137037f629d24a8098ddbace207c54e09cc0b",
      "dependencies": [
        "jsr:@ts-morph/common"
      ]
    },
    "@ts-morph/common@0.24.0": {
      "integrity": "4629606f7713e2e5986114c8d39e8cabfd19ef9d9e7d096681ade4e94ab7ece7",
      "dependencies": [
        "jsr:@std/fs@~0.229.3",
        "jsr:@std/path@~0.225.2"
      ]
    }
  },
  "npm": {
    "@resvg/resvg-js-android-arm-eabi@2.6.2": {
      "integrity": "sha512-FrJibrAk6v29eabIPgcTUMPXiEz8ssrAk7TXxsiZzww9UTQ1Z5KAbFJs+Z0Ez+VZTYgnE5IQJqBcoSiMebtPHA=="
    },
    "@resvg/resvg-js-android-arm64@2.6.2": {
      "integrity": "sha512-VcOKezEhm2VqzXpcIJoITuvUS/fcjIw5NA/w3tjzWyzmvoCdd+QXIqy3FBGulWdClvp4g+IfUemigrkLThSjAQ=="
    },
    "@resvg/resvg-js-darwin-arm64@2.6.2": {
      "integrity": "sha512-nmok2LnAd6nLUKI16aEB9ydMC6Lidiiq2m1nEBDR1LaaP7FGs4AJ90qDraxX+CWlVuRlvNjyYJTNv8qFjtL9+A=="
    },
    "@resvg/resvg-js-darwin-x64@2.6.2": {
      "integrity": "sha512-GInyZLjgWDfsVT6+SHxQVRwNzV0AuA1uqGsOAW+0th56J7Nh6bHHKXHBWzUrihxMetcFDmQMAX1tZ1fZDYSRsw=="
    },
    "@resvg/resvg-js-linux-arm-gnueabihf@2.6.2": {
      "integrity": "sha512-YIV3u/R9zJbpqTTNwTZM5/ocWetDKGsro0SWp70eGEM9eV2MerWyBRZnQIgzU3YBnSBQ1RcxRZvY/UxwESfZIw=="
    },
    "@resvg/resvg-js-linux-arm64-gnu@2.6.2": {
      "integrity": "sha512-zc2BlJSim7YR4FZDQ8OUoJg5holYzdiYMeobb9pJuGDidGL9KZUv7SbiD4E8oZogtYY42UZEap7dqkkYuA91pg=="
    },
    "@resvg/resvg-js-linux-arm64-musl@2.6.2": {
      "integrity": "sha512-3h3dLPWNgSsD4lQBJPb4f+kvdOSJHa5PjTYVsWHxLUzH4IFTJUAnmuWpw4KqyQ3NA5QCyhw4TWgxk3jRkQxEKg=="
    },
    "@resvg/resvg-js-linux-x64-gnu@2.6.2": {
      "integrity": "sha512-IVUe+ckIerA7xMZ50duAZzwf1U7khQe2E0QpUxu5MBJNao5RqC0zwV/Zm965vw6D3gGFUl7j4m+oJjubBVoftw=="
    },
    "@resvg/resvg-js-linux-x64-musl@2.6.2": {
      "integrity": "sha512-UOf83vqTzoYQO9SZ0fPl2ZIFtNIz/Rr/y+7X8XRX1ZnBYsQ/tTb+cj9TE+KHOdmlTFBxhYzVkP2lRByCzqi4jQ=="
    },
    "@resvg/resvg-js-win32-arm64-msvc@2.6.2": {
      "integrity": "sha512-7C/RSgCa+7vqZ7qAbItfiaAWhyRSoD4l4BQAbVDqRRsRgY+S+hgS3in0Rxr7IorKUpGE69X48q6/nOAuTJQxeQ=="
    },
    "@resvg/resvg-js-win32-ia32-msvc@2.6.2": {
      "integrity": "sha512-har4aPAlvjnLcil40AC77YDIk6loMawuJwFINEM7n0pZviwMkMvjb2W5ZirsNOZY4aDbo5tLx0wNMREp5Brk+w=="
    },
    "@resvg/resvg-js-win32-x64-msvc@2.6.2": {
      "integrity": "sha512-ZXtYhtUr5SSaBrUDq7DiyjOFJqBVL/dOBN7N/qmi/pO0IgiWW/f/ue3nbvu9joWE5aAKDoIzy/CxsY0suwGosQ=="
    },
    "@resvg/resvg-js@2.6.2": {
      "integrity": "sha512-xBaJish5OeGmniDj9cW5PRa/PtmuVU3ziqrbr5xJj901ZDN4TosrVaNZpEiLZAxdfnhAe7uQ7QFWfjPe9d9K2Q==",
      "dependencies": [
        "@resvg/resvg-js-android-arm-eabi",
        "@resvg/resvg-js-android-arm64",
        "@resvg/resvg-js-darwin-arm64",
        "@resvg/resvg-js-darwin-x64",
        "@resvg/resvg-js-linux-arm-gnueabihf",
        "@resvg/resvg-js-linux-arm64-gnu",
        "@resvg/resvg-js-linux-arm64-musl",
        "@resvg/resvg-js-linux-x64-gnu",
        "@resvg/resvg-js-linux-x64-musl",
        "@resvg/resvg-js-win32-arm64-msvc",
        "@resvg/resvg-js-win32-ia32-msvc",
        "@resvg/resvg-js-win32-x64-msvc"
      ]
    },
    "@shuding/opentype.js@1.4.0-beta.0": {
      "integrity": "sha512-3NgmNyH3l/Hv6EvsWJbsvpcpUba6R8IREQ83nH83cyakCw7uM1arZKNfHwv1Wz6jgqrF/j4x5ELvR6PnK9nTcA==",
      "dependencies": [
        "fflate",
        "string.prototype.codepointat"
      ]
    },
    "@types/node@22.13.11": {
      "integrity": "sha512-iEUCUJoU0i3VnrCmgoWCXttklWcvoCIx4jzcP22fioIVSdTmjgoEvmAO/QPw6TcS9k5FrNgn4w7q5lGOd1CT5g==",
      "dependencies": [
        "undici-types"
      ]
    },
    "base64-js@0.0.8": {
      "integrity": "sha512-3XSA2cR/h/73EzlXXdU6YNycmYI7+kicTxks4eJg2g39biHR84slg2+des+p7iHYhbRg/udIS4TD53WabcOUkw=="
    },
    "camelize@1.0.1": {
      "integrity": "sha512-dU+Tx2fsypxTgtLoE36npi3UqcjSSMNYfkqgmoEhtZrraP5VWq0K7FkWVTYa8eMPtnU/G2txVsfdCJTn9uzpuQ=="
    },
    "color-name@1.1.4": {
      "integrity": "sha512-dOy+3AuW3a2wNbZHIuMZpTcgjGuLU/uBL/ubcZF9OXbDo8ff4O8yVp5Bf0efS8uEoYo5q4Fx7dY9OgQGXgAsQA=="
    },
    "css-background-parser@0.1.0": {
      "integrity": "sha512-2EZLisiZQ+7m4wwur/qiYJRniHX4K5Tc9w93MT3AS0WS1u5kaZ4FKXlOTBhOjc+CgEgPiGY+fX1yWD8UwpEqUA=="
    },
    "css-box-shadow@1.0.0-3": {
      "integrity": "sha512-9jaqR6e7Ohds+aWwmhe6wILJ99xYQbfmK9QQB9CcMjDbTxPZjwEmUQpU91OG05Xgm8BahT5fW+svbsQGjS/zPg=="
    },
    "css-color-keywords@1.0.0": {
      "integrity": "sha512-FyyrDHZKEjXDpNJYvVsV960FiqQyXc/LlYmsxl2BcdMb2WPx0OGRVgTg55rPSyLSNMqP52R9r8geSp7apN3Ofg=="
    },
    "css-gradient-parser@0.0.16": {
      "integrity": "sha512-3O5QdqgFRUbXvK1x5INf1YkBz1UKSWqrd63vWsum8MNHDBYD5urm3QtxZbKU259OrEXNM26lP/MPY3d1IGkBgA=="
    },
    "css-to-react-native@3.2.0": {
      "integrity": "sha512-e8RKaLXMOFii+02mOlqwjbD00KSEKqblnpO9e++1aXS1fPQOpS1YoqdVHBqPjHNoxeF2mimzVqawm2KCbEdtHQ==",
      "dependencies": [
        "camelize",
        "css-color-keywords",
        "postcss-value-parser"
      ]
    },
    "emoji-regex@10.4.0": {
      "integrity": "sha512-EC+0oUMY1Rqm4O6LLrgjtYDvcVYTy7chDnM4Q7030tP4Kwj3u/pR6gP9ygnp2CJMK5Gq+9Q2oqmrFJAz01DXjw=="
    },
    "escape-html@1.0.3": {
      "integrity": "sha512-NiSupZ4OeuGwr68lGIeym/ksIZMJodUGOSCZ/FSnTxcrekbvqrgdUxlJOMpijaKZVjAJrWrGs/6Jy8OMuyj9ow=="
    },
    "fflate@0.7.4": {
      "integrity": "sha512-5u2V/CDW15QM1XbbgS+0DfPxVB+jUKhWEKuuFuHncbk3tEEqzmoXL+2KyOFuKGqOnmdIy0/davWF1CkuwtibCw=="
    },
    "hex-rgb@4.3.0": {
      "integrity": "sha512-Ox1pJVrDCyGHMG9CFg1tmrRUMRPRsAWYc/PinY0XzJU4K7y7vjNoLKIQ7BR5UJMCxNN8EM1MNDmHWA/B3aZUuw=="
    },
    "linebreak@1.1.0": {
      "integrity": "sha512-MHp03UImeVhB7XZtjd0E4n6+3xr5Dq/9xI/5FptGk5FrbDR3zagPa2DS6U8ks/3HjbKWG9Q1M2ufOzxV2qLYSQ==",
      "dependencies": [
        "base64-js",
        "unicode-trie"
      ]
    },
    "pako@0.2.9": {
      "integrity": "sha512-NUcwaKxUxWrZLpDG+z/xZaCgQITkA/Dv4V/T6bw7VON6l1Xz/VnrBqrYjZQ12TamKHzITTfOEIYUj48y2KXImA=="
    },
    "parse-css-color@0.2.1": {
      "integrity": "sha512-bwS/GGIFV3b6KS4uwpzCFj4w297Yl3uqnSgIPsoQkx7GMLROXfMnWvxfNkL0oh8HVhZA4hvJoEoEIqonfJ3BWg==",
      "dependencies": [
        "color-name",
        "hex-rgb"
      ]
    },
    "postcss-value-parser@4.2.0": {
      "integrity": "sha512-1NNCs6uurfkVbeXG4S8JFT9t19m45ICnif8zWLd5oPSZ50QnwMfK+H3jv408d4jw/7Bttv5axS5IiHoLaVNHeQ=="
    },
    "satori@0.12.1": {
      "integrity": "sha512-0SbjchvDrDbeXeQgxWVtSWxww7qcFgk3DtSE2/blHOSlLsSHwIqO2fCrtVa/EudJ7Eqno8A33QNx56rUyGbLuw==",
      "dependencies": [
        "@shuding/opentype.js",
        "css-background-parser",
        "css-box-shadow",
        "css-gradient-parser",
        "css-to-react-native",
        "emoji-regex",
        "escape-html",
        "linebreak",
        "parse-css-color",
        "postcss-value-parser",
        "yoga-wasm-web"
      ]
    },
    "string.prototype.codepointat@0.2.1": {
      "integrity": "sha512-2cBVCj6I4IOvEnjgO/hWqXjqBGsY+zwPmHl12Srk9IXSZ56Jwwmy+66XO5Iut/oQVR7t5ihYdLB0GMa4alEUcg=="
    },
    "tiny-inflate@1.0.3": {
      "integrity": "sha512-pkY1fj1cKHb2seWDy0B16HeWyczlJA9/WW3u3c4z/NiWDsO3DOU5D7nhTLE9CF0yXv/QZFY7sEJmj24dK+Rrqw=="
    },
    "undici-types@6.20.0": {
      "integrity": "sha512-Ny6QZ2Nju20vw1SRHe3d9jVu6gJ+4e3+MMpqu7pqE5HT6WsTSlce++GQmK5UXS8mzV8DSYHrQH+Xrf2jVcuKNg=="
    },
    "unicode-trie@2.0.0": {
      "integrity": "sha512-x7bc76x0bm4prf1VLg79uhAzKw8DVboClSN5VxJuQ+LKDOVEW9CdH+VY7SP+vX7xCYQqzzgQpFqz15zeLvAtZQ==",
      "dependencies": [
        "pako",
        "tiny-inflate"
      ]
    },
    "yoga-wasm-web@0.3.3": {
      "integrity": "sha512-N+d4UJSJbt/R3wqY7Coqs5pcV0aUj2j9IaQ3rNj9bVCLld8tTGKRa2USARjnvZJWVx1NDmQev8EknoczaOQDOA=="
    }
  },
  "redirects": {
    "https://esm.sh/@types/react@~19.0.7/index.d.ts": "https://esm.sh/@types/react@19.0.12/index.d.ts"
  },
  "remote": {
    "https://esm.sh/react@19.0.0": "ab1f4aa20ac56c237bbb204632bdb55f03a0ab005d21944eeb447e5e37879637",
    "https://esm.sh/react@19.0.0/denonext/react.mjs": "82364699d4881546b9cc7e4885157252fa6c7009396f4fc28f16805c6da38bb3",
    "https://esm.sh/remeda@2.21.2": "52ac9fe1fb9e808f800e58e2c065b5dddd5b121232b8e527d4c541560bda398f",
    "https://esm.sh/remeda@2.21.2/denonext/remeda.mjs": "ccc7f29c4e3179001426ebdd5a77bd2331b1d7ecbe539cc3b67050e7ce0ffe85",
    "https://esm.sh/ts-pattern@5.6.2": "2b50c3eefb22a25c46f75d79418cc44f2fe8f22e081e3d2762f1f9f05ed4aa3d",
    "https://esm.sh/ts-pattern@5.6.2/denonext/ts-pattern.mjs": "5b79fcdde303b371bb7ae4fd5b71baa3b11bb3e0a98ad2c54a9cffbce7c0c41b",
    "https://esm.sh/zod@3.24.2": "634dc151ffdec010f55988d783c024d926124f7e943e00c27004f73bc5543902",
    "https://esm.sh/zod@3.24.2/denonext/zod.mjs": "728dd2a859d5cbac5c7c2a67226cbe873530b7f03dbbd71c1550447b574664e6"
  },
  "workspace": {
    "dependencies": [
      "jsr:@deno/cache-dir@0.18.0",
      "jsr:@deno/dnt@0.41.3",
      "jsr:@std/assert@1.0.11",
      "jsr:@std/encoding@1.0.6",
      "jsr:@std/fs@1.0.14",
      "jsr:@std/testing@1.0.11",
      "npm:@resvg/resvg-js@2.6.2",
      "npm:@types/node@22.13.11",
      "npm:satori@0.12.1",
      "npm:yoga-wasm-web@0.3.3"
    ]
  }
}
