{
  "version": "4",
  "specifiers": {
    "jsr:@std/assert@1.0.11": "1.0.11",
    "jsr:@std/internal@^1.0.5": "1.0.6"
  },
  "jsr": {
    "@std/assert@1.0.11": {
      "integrity": "2461ef3c368fe88bc60e186e7744a93112f16fd110022e113a0849e94d1c83c1",
      "dependencies": [
        "jsr:@std/internal"
      ]
    },
    "@std/internal@1.0.6": {
      "integrity": "9533b128f230f73bd209408bb07a4b12f8d4255ab2a4d22a1fd6d87304aca9a4"
    }
  },
  "remote": {
    "https://esm.sh/remeda@2.21.2": "52ac9fe1fb9e808f800e58e2c065b5dddd5b121232b8e527d4c541560bda398f",
    "https://esm.sh/remeda@2.21.2/denonext/remeda.mjs": "0e8f73cc86f70b55586d25c9caded73e4f28c06433afaf9f6cb1994c7e02c96c",
    "https://esm.sh/ts-pattern@5.6.2": "2b50c3eefb22a25c46f75d79418cc44f2fe8f22e081e3d2762f1f9f05ed4aa3d",
    "https://esm.sh/ts-pattern@5.6.2/denonext/ts-pattern.mjs": "d22461345e05a1dc51f6fea52163619abc795b9ccc7ea3d1f631600df1bef9fc",
    "https://esm.sh/zod@3.24.2": "634dc151ffdec010f55988d783c024d926124f7e943e00c27004f73bc5543902",
    "https://esm.sh/zod@3.24.2/denonext/zod.mjs": "742680b93730f63c3a3160f75475b69f661bd353d6b8b46f602c7a685837e76d"
  },
  "workspace": {
    "dependencies": [
      "jsr:@std/assert@1.0.11",
      "jsr:@std/testing@1.0.11"
    ]
  }
}
