{
  "version": "4",
  "specifiers": {
    "jsr:@db/sqlite@0.12.0": "0.12.0",
    "jsr:@deno/cache-dir@0.16.0": "0.16.0",
    "jsr:@deno/graph@0.86": "0.86.7",
    "jsr:@denosaurs/plug@1": "1.0.6",
    "jsr:@std/assert@0.217": "0.217.0",
    "jsr:@std/assert@0.221": "0.221.0",
    "jsr:@std/assert@1.0.10": "1.0.10",
    "jsr:@std/assert@1.0.9": "1.0.9",
    "jsr:@std/assert@^1.0.10": "1.0.10",
    "jsr:@std/assert@^1.0.9": "1.0.9",
    "jsr:@std/async@^1.0.9": "1.0.9",
    "jsr:@std/bytes@^1.0.2": "1.0.4",
    "jsr:@std/data-structures@^1.0.5": "1.0.5",
    "jsr:@std/encoding@0.221": "0.221.0",
    "jsr:@std/encoding@1.0.6": "1.0.6",
    "jsr:@std/fmt@0.221": "0.221.0",
    "jsr:@std/fmt@^1.0.3": "1.0.3",
    "jsr:@std/fs@0.221": "0.221.0",
    "jsr:@std/fs@^1.0.6": "1.0.8",
    "jsr:@std/fs@^1.0.8": "1.0.8",
    "jsr:@std/internal@^1.0.5": "1.0.5",
    "jsr:@std/io@0.225": "0.225.0",
    "jsr:@std/path@0.217": "0.217.0",
    "jsr:@std/path@0.221": "0.221.0",
    "jsr:@std/path@^1.0.8": "1.0.8",
    "jsr:@std/testing@1.0.8": "1.0.8",
    "npm:@resvg/resvg-js@2.6.2": "2.6.2",
    "npm:discord.js@14.17.2": "14.17.2",
    "npm:node-emoji@*": "2.2.0",
    "npm:prisma@*": "6.1.0",
    "npm:prisma@6.1.0": "6.1.0",
    "npm:satori@0.12.0": "0.12.0",
    "npm:yoga-wasm-web@0.3.3": "0.3.3"
  },
  "jsr": {
    "@db/sqlite@0.12.0": {
      "integrity": "dd1ef7f621ad50fc1e073a1c3609c4470bd51edc0994139c5bf9851de7a6d85f",
      "dependencies": [
        "jsr:@denosaurs/plug",
        "jsr:@std/path@0.217"
      ]
    },
    "@deno/cache-dir@0.16.0": {
      "integrity": "844e10e48749139331121ff172aea15fd1c687ec2efbfea782858e41cc4dd1fb",
      "dependencies": [
        "jsr:@deno/graph",
        "jsr:@std/fmt@^1.0.3",
        "jsr:@std/fs@^1.0.6",
        "jsr:@std/io",
        "jsr:@std/path@^1.0.8"
      ]
    },
    "@deno/graph@0.86.7": {
      "integrity": "fb4e5ab648d1b9d464ea55e0f70cd489251b1926e622dd83697b4e28e59c7291"
    },
    "@denosaurs/plug@1.0.6": {
      "integrity": "6cf5b9daba7799837b9ffbe89f3450510f588fafef8115ddab1ff0be9cb7c1a7",
      "dependencies": [
        "jsr:@std/encoding@0.221",
        "jsr:@std/fmt@0.221",
        "jsr:@std/fs@0.221",
        "jsr:@std/path@0.221"
      ]
    },
    "@std/assert@0.217.0": {
      "integrity": "c98e279362ca6982d5285c3b89517b757c1e3477ee9f14eb2fdf80a45aaa9642"
    },
    "@std/assert@0.221.0": {
      "integrity": "a5f1aa6e7909dbea271754fd4ab3f4e687aeff4873b4cef9a320af813adb489a"
    },
    "@std/assert@1.0.9": {
      "integrity": "a9f0c611a869cc791b26f523eec54c7e187aab7932c2c8e8bea0622d13680dcd",
      "dependencies": [
        "jsr:@std/internal"
      ]
    },
    "@std/assert@1.0.10": {
      "integrity": "59b5cbac5bd55459a19045d95cc7c2ff787b4f8527c0dd195078ff6f9481fbb3",
      "dependencies": [
        "jsr:@std/internal"
      ]
    },
    "@std/async@1.0.9": {
      "integrity": "c6472fd0623b3f3daae023cdf7ca5535e1b721dfbf376562c0c12b3fb4867f91"
    },
    "@std/bytes@1.0.4": {
      "integrity": "11a0debe522707c95c7b7ef89b478c13fb1583a7cfb9a85674cd2cc2e3a28abc"
    },
    "@std/data-structures@1.0.5": {
      "integrity": "86dd5c2d6365a6ad56e9103b3a877c5d5ade238c68ae463acfe0eb0e56d40783"
    },
    "@std/encoding@0.221.0": {
      "integrity": "d1dd76ef0dc5d14088411e6dc1dede53bf8308c95d1537df1214c97137208e45"
    },
    "@std/encoding@1.0.6": {
      "integrity": "ca87122c196e8831737d9547acf001766618e78cd8c33920776c7f5885546069"
    },
    "@std/fmt@0.221.0": {
      "integrity": "379fed69bdd9731110f26b9085aeb740606b20428ce6af31ef6bd45ef8efa62a"
    },
    "@std/fmt@1.0.3": {
      "integrity": "97765c16aa32245ff4e2204ecf7d8562496a3cb8592340a80e7e554e0bb9149f"
    },
    "@std/fs@0.221.0": {
      "integrity": "028044450299de8ed5a716ade4e6d524399f035513b85913794f4e81f07da286",
      "dependencies": [
        "jsr:@std/assert@0.221",
        "jsr:@std/path@0.221"
      ]
    },
    "@std/fs@1.0.8": {
      "integrity": "161c721b6f9400b8100a851b6f4061431c538b204bb76c501d02c508995cffe0",
      "dependencies": [
        "jsr:@std/path@^1.0.8"
      ]
    },
    "@std/internal@1.0.5": {
      "integrity": "54a546004f769c1ac9e025abd15a76b6671ddc9687e2313b67376125650dc7ba"
    },
    "@std/io@0.225.0": {
      "integrity": "c1db7c5e5a231629b32d64b9a53139445b2ca640d828c26bf23e1c55f8c079b3",
      "dependencies": [
        "jsr:@std/bytes"
      ]
    },
    "@std/path@0.217.0": {
      "integrity": "1217cc25534bca9a2f672d7fe7c6f356e4027df400c0e85c0ef3e4343bc67d11",
      "dependencies": [
        "jsr:@std/assert@0.217"
      ]
    },
    "@std/path@0.221.0": {
      "integrity": "0a36f6b17314ef653a3a1649740cc8db51b25a133ecfe838f20b79a56ebe0095",
      "dependencies": [
        "jsr:@std/assert@0.221"
      ]
    },
    "@std/path@1.0.8": {
      "integrity": "548fa456bb6a04d3c1a1e7477986b6cffbce95102d0bb447c67c4ee70e0364be"
    },
    "@std/testing@1.0.8": {
      "integrity": "ceef535808fb7568e91b0f8263599bd29b1c5603ffb0377227f00a8ca9fe42a2",
      "dependencies": [
        "jsr:@std/assert@^1.0.10",
        "jsr:@std/async",
        "jsr:@std/data-structures",
        "jsr:@std/fs@^1.0.8",
        "jsr:@std/internal",
        "jsr:@std/path@^1.0.8"
      ]
    }
  },
  "npm": {
    "@discordjs/builders@1.10.0": {
      "integrity": "sha512-ikVZsZP+3shmVJ5S1oM+7SveUCK3L9fTyfA8aJ7uD9cNQlTqF+3Irbk2Y22KXTb3C3RNUahRkSInClJMkHrINg==",
      "dependencies": [
        "@discordjs/formatters",
        "@discordjs/util",
        "@sapphire/shapeshift",
        "discord-api-types",
        "fast-deep-equal",
        "ts-mixer",
        "tslib"
      ]
    },
    "@discordjs/collection@1.5.3": {
      "integrity": "sha512-SVb428OMd3WO1paV3rm6tSjM4wC+Kecaa1EUGX7vc6/fddvw/6lg90z4QtCqm21zvVe92vMMDt9+DkIvjXImQQ=="
    },
    "@discordjs/collection@2.1.1": {
      "integrity": "sha512-LiSusze9Tc7qF03sLCujF5iZp7K+vRNEDBZ86FT9aQAv3vxMLihUvKvpsCWiQ2DJq1tVckopKm1rxomgNUc9hg=="
    },
    "@discordjs/formatters@0.6.0": {
      "integrity": "sha512-YIruKw4UILt/ivO4uISmrGq2GdMY6EkoTtD0oS0GvkJFRZbTSdPhzYiUILbJ/QslsvC9H9nTgGgnarnIl4jMfw==",
      "dependencies": [
        "discord-api-types"
      ]
    },
    "@discordjs/rest@2.4.2": {
      "integrity": "sha512-9bOvXYLQd5IBg/kKGuEFq3cstVxAMJ6wMxO2U3wjrgO+lHv8oNCT+BBRpuzVQh7BoXKvk/gpajceGvQUiRoJ8g==",
      "dependencies": [
        "@discordjs/collection@2.1.1",
        "@discordjs/util",
        "@sapphire/async-queue",
        "@sapphire/snowflake",
        "@vladfrangu/async_event_emitter",
        "discord-api-types",
        "magic-bytes.js",
        "tslib",
        "undici"
      ]
    },
    "@discordjs/util@1.1.1": {
      "integrity": "sha512-eddz6UnOBEB1oITPinyrB2Pttej49M9FZQY8NxgEvc3tq6ZICZ19m70RsmzRdDHk80O9NoYN/25AqJl8vPVf/g=="
    },
    "@discordjs/ws@1.2.0": {
      "integrity": "sha512-QH5CAFe3wHDiedbO+EI3OOiyipwWd+Q6BdoFZUw/Wf2fw5Cv2fgU/9UEtJRmJa9RecI+TAhdGPadMaEIur5yJg==",
      "dependencies": [
        "@discordjs/collection@2.1.1",
        "@discordjs/rest",
        "@discordjs/util",
        "@sapphire/async-queue",
        "@types/ws",
        "@vladfrangu/async_event_emitter",
        "discord-api-types",
        "tslib",
        "ws"
      ]
    },
    "@prisma/debug@6.1.0": {
      "integrity": "sha512-0himsvcM4DGBTtvXkd2Tggv6sl2JyUYLzEGXXleFY+7Kp6rZeSS3hiTW9mwtUlXrwYbJP6pwlVNB7jYElrjWUg=="
    },
    "@prisma/engines-version@6.1.0-21.11f085a2012c0f4778414c8db2651556ee0ef959": {
      "integrity": "sha512-PdJqmYM2Fd8K0weOOtQThWylwjsDlTig+8Pcg47/jszMuLL9iLIaygC3cjWJLda69siRW4STlCTMSgOjZzvKPQ=="
    },
    "@prisma/engines@6.1.0": {
      "integrity": "sha512-GnYJbCiep3Vyr1P/415ReYrgJUjP79fBNc1wCo7NP6Eia0CzL2Ot9vK7Infczv3oK7JLrCcawOSAxFxNFsAERQ==",
      "dependencies": [
        "@prisma/debug",
        "@prisma/engines-version",
        "@prisma/fetch-engine",
        "@prisma/get-platform"
      ]
    },
    "@prisma/fetch-engine@6.1.0": {
      "integrity": "sha512-asdFi7TvPlEZ8CzSZ/+Du5wZ27q6OJbRSXh+S8ISZguu+S9KtS/gP7NeXceZyb1Jv1SM1S5YfiCv+STDsG6rrg==",
      "dependencies": [
        "@prisma/debug",
        "@prisma/engines-version",
        "@prisma/get-platform"
      ]
    },
    "@prisma/get-platform@6.1.0": {
      "integrity": "sha512-ia8bNjboBoHkmKGGaWtqtlgQOhCi7+f85aOkPJKgNwWvYrT6l78KgojLekE8zMhVk0R9lWcifV0Pf8l3/15V0Q==",
      "dependencies": [
        "@prisma/debug"
      ]
    },
    "@resvg/resvg-js-android-arm-eabi@2.6.2": {
      "integrity": "sha512-FrJibrAk6v29eabIPgcTUMPXiEz8ssrAk7TXxsiZzww9UTQ1Z5KAbFJs+Z0Ez+VZTYgnE5IQJqBcoSiMebtPHA=="
    },
    "@resvg/resvg-js-android-arm64@2.6.2": {
      "integrity": "sha512-VcOKezEhm2VqzXpcIJoITuvUS/fcjIw5NA/w3tjzWyzmvoCdd+QXIqy3FBGulWdClvp4g+IfUemigrkLThSjAQ=="
    },
    "@resvg/resvg-js-darwin-arm64@2.6.2": {
      "integrity": "sha512-nmok2LnAd6nLUKI16aEB9ydMC6Lidiiq2m1nEBDR1LaaP7FGs4AJ90qDraxX+CWlVuRlvNjyYJTNv8qFjtL9+A=="
    },
    "@resvg/resvg-js-darwin-x64@2.6.2": {
      "integrity": "sha512-GInyZLjgWDfsVT6+SHxQVRwNzV0AuA1uqGsOAW+0th56J7Nh6bHHKXHBWzUrihxMetcFDmQMAX1tZ1fZDYSRsw=="
    },
    "@resvg/resvg-js-linux-arm-gnueabihf@2.6.2": {
      "integrity": "sha512-YIV3u/R9zJbpqTTNwTZM5/ocWetDKGsro0SWp70eGEM9eV2MerWyBRZnQIgzU3YBnSBQ1RcxRZvY/UxwESfZIw=="
    },
    "@resvg/resvg-js-linux-arm64-gnu@2.6.2": {
      "integrity": "sha512-zc2BlJSim7YR4FZDQ8OUoJg5holYzdiYMeobb9pJuGDidGL9KZUv7SbiD4E8oZogtYY42UZEap7dqkkYuA91pg=="
    },
    "@resvg/resvg-js-linux-arm64-musl@2.6.2": {
      "integrity": "sha512-3h3dLPWNgSsD4lQBJPb4f+kvdOSJHa5PjTYVsWHxLUzH4IFTJUAnmuWpw4KqyQ3NA5QCyhw4TWgxk3jRkQxEKg=="
    },
    "@resvg/resvg-js-linux-x64-gnu@2.6.2": {
      "integrity": "sha512-IVUe+ckIerA7xMZ50duAZzwf1U7khQe2E0QpUxu5MBJNao5RqC0zwV/Zm965vw6D3gGFUl7j4m+oJjubBVoftw=="
    },
    "@resvg/resvg-js-linux-x64-musl@2.6.2": {
      "integrity": "sha512-UOf83vqTzoYQO9SZ0fPl2ZIFtNIz/Rr/y+7X8XRX1ZnBYsQ/tTb+cj9TE+KHOdmlTFBxhYzVkP2lRByCzqi4jQ=="
    },
    "@resvg/resvg-js-win32-arm64-msvc@2.6.2": {
      "integrity": "sha512-7C/RSgCa+7vqZ7qAbItfiaAWhyRSoD4l4BQAbVDqRRsRgY+S+hgS3in0Rxr7IorKUpGE69X48q6/nOAuTJQxeQ=="
    },
    "@resvg/resvg-js-win32-ia32-msvc@2.6.2": {
      "integrity": "sha512-har4aPAlvjnLcil40AC77YDIk6loMawuJwFINEM7n0pZviwMkMvjb2W5ZirsNOZY4aDbo5tLx0wNMREp5Brk+w=="
    },
    "@resvg/resvg-js-win32-x64-msvc@2.6.2": {
      "integrity": "sha512-ZXtYhtUr5SSaBrUDq7DiyjOFJqBVL/dOBN7N/qmi/pO0IgiWW/f/ue3nbvu9joWE5aAKDoIzy/CxsY0suwGosQ=="
    },
    "@resvg/resvg-js@2.6.2": {
      "integrity": "sha512-xBaJish5OeGmniDj9cW5PRa/PtmuVU3ziqrbr5xJj901ZDN4TosrVaNZpEiLZAxdfnhAe7uQ7QFWfjPe9d9K2Q==",
      "dependencies": [
        "@resvg/resvg-js-android-arm-eabi",
        "@resvg/resvg-js-android-arm64",
        "@resvg/resvg-js-darwin-arm64",
        "@resvg/resvg-js-darwin-x64",
        "@resvg/resvg-js-linux-arm-gnueabihf",
        "@resvg/resvg-js-linux-arm64-gnu",
        "@resvg/resvg-js-linux-arm64-musl",
        "@resvg/resvg-js-linux-x64-gnu",
        "@resvg/resvg-js-linux-x64-musl",
        "@resvg/resvg-js-win32-arm64-msvc",
        "@resvg/resvg-js-win32-ia32-msvc",
        "@resvg/resvg-js-win32-x64-msvc"
      ]
    },
    "@sapphire/async-queue@1.5.5": {
      "integrity": "sha512-cvGzxbba6sav2zZkH8GPf2oGk9yYoD5qrNWdu9fRehifgnFZJMV+nuy2nON2roRO4yQQ+v7MK/Pktl/HgfsUXg=="
    },
    "@sapphire/shapeshift@4.0.0": {
      "integrity": "sha512-d9dUmWVA7MMiKobL3VpLF8P2aeanRTu6ypG2OIaEv/ZHH/SUQ2iHOVyi5wAPjQ+HmnMuL0whK9ez8I/raWbtIg==",
      "dependencies": [
        "fast-deep-equal",
        "lodash"
      ]
    },
    "@sapphire/snowflake@3.5.3": {
      "integrity": "sha512-jjmJywLAFoWeBi1W7994zZyiNWPIiqRRNAmSERxyg93xRGzNYvGjlZ0gR6x0F4gPRi2+0O6S71kOZYyr3cxaIQ=="
    },
    "@shuding/opentype.js@1.4.0-beta.0": {
      "integrity": "sha512-3NgmNyH3l/Hv6EvsWJbsvpcpUba6R8IREQ83nH83cyakCw7uM1arZKNfHwv1Wz6jgqrF/j4x5ELvR6PnK9nTcA==",
      "dependencies": [
        "fflate",
        "string.prototype.codepointat"
      ]
    },
    "@sindresorhus/is@4.6.0": {
      "integrity": "sha512-t09vSN3MdfsyCHoFcTRCH/iUtG7OJ0CsjzB8cjAmKc/va/kIgeDI/TxsigdncE/4be734m0cvIYwNaV4i2XqAw=="
    },
    "@types/node@22.5.4": {
      "integrity": "sha512-FDuKUJQm/ju9fT/SeX/6+gBzoPzlVCzfzmGkwKvRHQVxi4BntVbyIwf6a4Xn62mrvndLiml6z/UBXIdEVjQLXg==",
      "dependencies": [
        "undici-types"
      ]
    },
    "@types/ws@8.5.13": {
      "integrity": "sha512-osM/gWBTPKgHV8XkTunnegTRIsvF6owmf5w+JtAfOw472dptdm0dlGv4xCt6GwQRcC2XVOvvRE/0bAoQcL2QkA==",
      "dependencies": [
        "@types/node"
      ]
    },
    "@vladfrangu/async_event_emitter@2.4.6": {
      "integrity": "sha512-RaI5qZo6D2CVS6sTHFKg1v5Ohq/+Bo2LZ5gzUEwZ/WkHhwtGTCB/sVLw8ijOkAUxasZ+WshN/Rzj4ywsABJ5ZA=="
    },
    "base64-js@0.0.8": {
      "integrity": "sha512-3XSA2cR/h/73EzlXXdU6YNycmYI7+kicTxks4eJg2g39biHR84slg2+des+p7iHYhbRg/udIS4TD53WabcOUkw=="
    },
    "camelize@1.0.1": {
      "integrity": "sha512-dU+Tx2fsypxTgtLoE36npi3UqcjSSMNYfkqgmoEhtZrraP5VWq0K7FkWVTYa8eMPtnU/G2txVsfdCJTn9uzpuQ=="
    },
    "char-regex@1.0.2": {
      "integrity": "sha512-kWWXztvZ5SBQV+eRgKFeh8q5sLuZY2+8WUIzlxWVTg+oGwY14qylx1KbKzHd8P6ZYkAg0xyIDU9JMHhyJMZ1jw=="
    },
    "color-name@1.1.4": {
      "integrity": "sha512-dOy+3AuW3a2wNbZHIuMZpTcgjGuLU/uBL/ubcZF9OXbDo8ff4O8yVp5Bf0efS8uEoYo5q4Fx7dY9OgQGXgAsQA=="
    },
    "css-background-parser@0.1.0": {
      "integrity": "sha512-2EZLisiZQ+7m4wwur/qiYJRniHX4K5Tc9w93MT3AS0WS1u5kaZ4FKXlOTBhOjc+CgEgPiGY+fX1yWD8UwpEqUA=="
    },
    "css-box-shadow@1.0.0-3": {
      "integrity": "sha512-9jaqR6e7Ohds+aWwmhe6wILJ99xYQbfmK9QQB9CcMjDbTxPZjwEmUQpU91OG05Xgm8BahT5fW+svbsQGjS/zPg=="
    },
    "css-color-keywords@1.0.0": {
      "integrity": "sha512-FyyrDHZKEjXDpNJYvVsV960FiqQyXc/LlYmsxl2BcdMb2WPx0OGRVgTg55rPSyLSNMqP52R9r8geSp7apN3Ofg=="
    },
    "css-gradient-parser@0.0.16": {
      "integrity": "sha512-3O5QdqgFRUbXvK1x5INf1YkBz1UKSWqrd63vWsum8MNHDBYD5urm3QtxZbKU259OrEXNM26lP/MPY3d1IGkBgA=="
    },
    "css-to-react-native@3.2.0": {
      "integrity": "sha512-e8RKaLXMOFii+02mOlqwjbD00KSEKqblnpO9e++1aXS1fPQOpS1YoqdVHBqPjHNoxeF2mimzVqawm2KCbEdtHQ==",
      "dependencies": [
        "camelize",
        "css-color-keywords",
        "postcss-value-parser"
      ]
    },
    "discord-api-types@0.37.115": {
      "integrity": "sha512-ivPnJotSMrXW8HLjFu+0iCVs8zP6KSliMelhr7HgcB2ki1QzpORkb26m71l1pzSnnGfm7gb5n/VtRTtpw8kXFA=="
    },
    "discord.js@14.17.2": {
      "integrity": "sha512-mrH6ziLVtNtId4bV4bsaUt5jE6NUaiHMPqO5VsSw1VVhFnjFi9duD8ctlo90/6cUH+8uyKBkoq9mSJ35SuuZ7Q==",
      "dependencies": [
        "@discordjs/builders",
        "@discordjs/collection@1.5.3",
        "@discordjs/formatters",
        "@discordjs/rest",
        "@discordjs/util",
        "@discordjs/ws",
        "@sapphire/snowflake",
        "discord-api-types",
        "fast-deep-equal",
        "lodash.snakecase",
        "tslib",
        "undici"
      ]
    },
    "emoji-regex@10.4.0": {
      "integrity": "sha512-EC+0oUMY1Rqm4O6LLrgjtYDvcVYTy7chDnM4Q7030tP4Kwj3u/pR6gP9ygnp2CJMK5Gq+9Q2oqmrFJAz01DXjw=="
    },
    "emojilib@2.4.0": {
      "integrity": "sha512-5U0rVMU5Y2n2+ykNLQqMoqklN9ICBT/KsvC1Gz6vqHbz2AXXGkG+Pm5rMWk/8Vjrr/mY9985Hi8DYzn1F09Nyw=="
    },
    "escape-html@1.0.3": {
      "integrity": "sha512-NiSupZ4OeuGwr68lGIeym/ksIZMJodUGOSCZ/FSnTxcrekbvqrgdUxlJOMpijaKZVjAJrWrGs/6Jy8OMuyj9ow=="
    },
    "fast-deep-equal@3.1.3": {
      "integrity": "sha512-f3qQ9oQy9j2AhBe/H9VC91wLmKBCCU/gDOnKNAYG5hswO7BLKj09Hc5HYNz9cGI++xlpDCIgDaitVs03ATR84Q=="
    },
    "fflate@0.7.4": {
      "integrity": "sha512-5u2V/CDW15QM1XbbgS+0DfPxVB+jUKhWEKuuFuHncbk3tEEqzmoXL+2KyOFuKGqOnmdIy0/davWF1CkuwtibCw=="
    },
    "fsevents@2.3.3": {
      "integrity": "sha512-5xoDfX+fL7faATnagmWPpbFtwh/R77WmMMqqHGS65C3vvB0YHrgF+B1YmZ3441tMj5n63k0212XNoJwzlhffQw=="
    },
    "hex-rgb@4.3.0": {
      "integrity": "sha512-Ox1pJVrDCyGHMG9CFg1tmrRUMRPRsAWYc/PinY0XzJU4K7y7vjNoLKIQ7BR5UJMCxNN8EM1MNDmHWA/B3aZUuw=="
    },
    "linebreak@1.1.0": {
      "integrity": "sha512-MHp03UImeVhB7XZtjd0E4n6+3xr5Dq/9xI/5FptGk5FrbDR3zagPa2DS6U8ks/3HjbKWG9Q1M2ufOzxV2qLYSQ==",
      "dependencies": [
        "base64-js",
        "unicode-trie"
      ]
    },
    "lodash.snakecase@4.1.1": {
      "integrity": "sha512-QZ1d4xoBHYUeuouhEq3lk3Uq7ldgyFXGBhg04+oRLnIz8o9T65Eh+8YdroUwn846zchkA9yDsDl5CVVaV2nqYw=="
    },
    "lodash@4.17.21": {
      "integrity": "sha512-v2kDEe57lecTulaDIuNTPy3Ry4gLGJ6Z1O3vE1krgXZNrsQ+LFTGHVxVjcXPs17LhbZVGedAJv8XZ1tvj5FvSg=="
    },
    "magic-bytes.js@1.10.0": {
      "integrity": "sha512-/k20Lg2q8LE5xiaaSkMXk4sfvI+9EGEykFS4b0CHHGWqDYU0bGUFSwchNOMA56D7TCs9GwVTkqe9als1/ns8UQ=="
    },
    "node-emoji@2.2.0": {
      "integrity": "sha512-Z3lTE9pLaJF47NyMhd4ww1yFTAP8YhYI8SleJiHzM46Fgpm5cnNzSl9XfzFNqbaz+VlJrIj3fXQ4DeN1Rjm6cw==",
      "dependencies": [
        "@sindresorhus/is",
        "char-regex",
        "emojilib",
        "skin-tone"
      ]
    },
    "pako@0.2.9": {
      "integrity": "sha512-NUcwaKxUxWrZLpDG+z/xZaCgQITkA/Dv4V/T6bw7VON6l1Xz/VnrBqrYjZQ12TamKHzITTfOEIYUj48y2KXImA=="
    },
    "parse-css-color@0.2.1": {
      "integrity": "sha512-bwS/GGIFV3b6KS4uwpzCFj4w297Yl3uqnSgIPsoQkx7GMLROXfMnWvxfNkL0oh8HVhZA4hvJoEoEIqonfJ3BWg==",
      "dependencies": [
        "color-name",
        "hex-rgb"
      ]
    },
    "postcss-value-parser@4.2.0": {
      "integrity": "sha512-1NNCs6uurfkVbeXG4S8JFT9t19m45ICnif8zWLd5oPSZ50QnwMfK+H3jv408d4jw/7Bttv5axS5IiHoLaVNHeQ=="
    },
    "prisma@6.1.0": {
      "integrity": "sha512-aFI3Yi+ApUxkwCJJwyQSwpyzUX7YX3ihzuHNHOyv4GJg3X5tQsmRaJEnZ+ZyfHpMtnyahhmXVfbTZ+lS8ZtfKw==",
      "dependencies": [
        "@prisma/engines",
        "fsevents"
      ]
    },
    "satori@0.12.0": {
      "integrity": "sha512-e0e+qQyeFwEszujN7SpWpRtZgww7Nh8lSO3bUn2spHZ5JpqEl3zJ3P14/JlWruxEwdgREs35ZnavrPrWaRVFDg==",
      "dependencies": [
        "@shuding/opentype.js",
        "css-background-parser",
        "css-box-shadow",
        "css-gradient-parser",
        "css-to-react-native",
        "emoji-regex",
        "escape-html",
        "linebreak",
        "parse-css-color",
        "postcss-value-parser",
        "yoga-wasm-web"
      ]
    },
    "skin-tone@2.0.0": {
      "integrity": "sha512-kUMbT1oBJCpgrnKoSr0o6wPtvRWT9W9UKvGLwfJYO2WuahZRHOpEyL1ckyMGgMWh0UdpmaoFqKKD29WTomNEGA==",
      "dependencies": [
        "unicode-emoji-modifier-base"
      ]
    },
    "string.prototype.codepointat@0.2.1": {
      "integrity": "sha512-2cBVCj6I4IOvEnjgO/hWqXjqBGsY+zwPmHl12Srk9IXSZ56Jwwmy+66XO5Iut/oQVR7t5ihYdLB0GMa4alEUcg=="
    },
    "tiny-inflate@1.0.3": {
      "integrity": "sha512-pkY1fj1cKHb2seWDy0B16HeWyczlJA9/WW3u3c4z/NiWDsO3DOU5D7nhTLE9CF0yXv/QZFY7sEJmj24dK+Rrqw=="
    },
    "ts-mixer@6.0.4": {
      "integrity": "sha512-ufKpbmrugz5Aou4wcr5Wc1UUFWOLhq+Fm6qa6P0w0K5Qw2yhaUoiWszhCVuNQyNwrlGiscHOmqYoAox1PtvgjA=="
    },
    "tslib@2.8.1": {
      "integrity": "sha512-oJFu94HQb+KVduSUQL7wnpmqnfmLsOA/nAh6b6EH0wCEoK0/mPeXU6c3wKDV83MkOuHPRHtSXKKU99IBazS/2w=="
    },
    "undici-types@6.19.8": {
      "integrity": "sha512-ve2KP6f/JnbPBFyobGHuerC9g1FYGn/F8n1LWTwNxCEzd6IfqTwUQcNXgEtmmQ6DlRrC1hrSrBnCZPokRrDHjw=="
    },
    "undici@6.19.8": {
      "integrity": "sha512-U8uCCl2x9TK3WANvmBavymRzxbfFYG+tAu+fgx3zxQy3qdagQqBLwJVrdyO1TBfUXvfKveMKJZhpvUYoOjM+4g=="
    },
    "unicode-emoji-modifier-base@1.0.0": {
      "integrity": "sha512-yLSH4py7oFH3oG/9K+XWrz1pSi3dfUrWEnInbxMfArOfc1+33BlGPQtLsOYwvdMy11AwUBetYuaRxSPqgkq+8g=="
    },
    "unicode-trie@2.0.0": {
      "integrity": "sha512-x7bc76x0bm4prf1VLg79uhAzKw8DVboClSN5VxJuQ+LKDOVEW9CdH+VY7SP+vX7xCYQqzzgQpFqz15zeLvAtZQ==",
      "dependencies": [
        "pako",
        "tiny-inflate"
      ]
    },
    "ws@8.18.0": {
      "integrity": "sha512-8VbfWfHLbbwu3+N6OKsOMpBdT4kXPDDB9cJk2bJ6mh9ucxdlnNvH1e+roYkKmN9Nxw2yjz7VzeO9oOz2zJ04Pw=="
    },
    "yoga-wasm-web@0.3.3": {
      "integrity": "sha512-N+d4UJSJbt/R3wqY7Coqs5pcV0aUj2j9IaQ3rNj9bVCLld8tTGKRa2USARjnvZJWVx1NDmQev8EknoczaOQDOA=="
    }
  },
  "redirects": {
    "https://esm.sh/v135/@types/react@latest/index.d.ts": "https://esm.sh/v135/@types/react@19.0.2/index.d.ts"
  },
  "remote": {
    "https://deno.land/std@0.150.0/media_types/_util.ts": "ce9b4fc4ba1c447dafab619055e20fd88236ca6bdd7834a21f98bd193c3fbfa1",
    "https://deno.land/std@0.150.0/media_types/mod.ts": "2d4b6f32a087029272dc59e0a55ae3cc4d1b27b794ccf528e94b1925795b3118",
    "https://deno.land/std@0.150.0/media_types/vendor/mime-db.v1.52.0.ts": "724cee25fa40f1a52d3937d6b4fbbfdd7791ff55e1b7ac08d9319d5632c7f5af",
    "https://deno.land/x/sentry@8.44.0/index.mjs": "6702480ae1b7615d18dfebef72253d3d6dd9be78582424fcd811ffd3d2a853ab",
    "https://deno.land/x/sentry@8.45.1/index.mjs": "7fc5541fb9b48b3f94e0cac3291ca40c5176011d085ab2f81c5aa728c5c3448a",
    "https://deno.land/x/sentry@8.47.0/index.mjs": "5682d1206d54bd626ddc0ac52d9548be58a0e0f4a8496229019de8701e288977",
    "https://deno.land/x/which_runtime@0.2.0/mod.ts": "3e8f1ddb3a043818264a8035c0132aaf72d94977d45cd23ecfb03b2156f06126",
    "https://deno.land/x/xhr@0.3.0/mod.ts": "094aacd627fd9635cd942053bf8032b5223b909858fa9dc8ffa583752ff63b20",
    "https://esm.sh/@total-typescript/ts-reset@0.6.1": "baa21fa8bb9aa10b9378ad99b2b60ece24af376d990a01e0658733970a63d3f3",
    "https://esm.sh/cron@3.3.1": "61b46230e045ad6ab3cafb0f4d936a1816077995839c1c6bc536566c7368ff82",
    "https://esm.sh/cron@3.3.2": "4d9ece2c6a81cfc586aa422f6c57fffb6c03776a001f9e6dbf98c20ab32c3554",
    "https://esm.sh/date-fns@4.1.0": "706bdf86a944798c9c6f9234e4c1b98d953d7ba5aae63be6c13b1993dbcd345a",
    "https://esm.sh/dotenv@16.4.7": "9f7922bc48d69f17e8423b76958c0ab3614036a45cc0ac0af3087e3f9bc5a22c",
    "https://esm.sh/env-var@7.5.0": "cf24566cd5b43147e9cb4e20bdbfcfaa24d60a44de9d38206dcadeed62581fbc",
    "https://esm.sh/react@19.0.0": "cdff7a8ec5c74ed8da35679db202c7443b03eca6bd8becb5b0cd53335fc81c1e",
    "https://esm.sh/remeda@2.17.4": "ff32a8d4f23fbf71b52762b7d0883feb11a2be5b10d4eaab0bd08e94cecec16b",
    "https://esm.sh/remeda@2.18.0": "b26e3dfdcbef42e2dd64296d9de14e6e14747382375832a38d66bf4e6cb80f4f",
    "https://esm.sh/remeda@2.19.0": "718d24e624c5c1e0900223dd88ea9a7fd8087885a1ef648340241a0561a22b70",
    "https://esm.sh/stable/react@19.0.0/denonext/react.mjs": "79056e5ef2a1c9601ae005ce23828f148d5e47291a65c573b275e19f19fa282f",
    "https://esm.sh/ts-pattern@5.5.0": "4749f31a0132fd183900156d8ab39cec1748d47aa889c432196aa1a9da81d24a",
    "https://esm.sh/ts-pattern@5.6.0": "7abf888444efe5f68539d30842709badfc9495f86fe61a4755a4cfa004b6f834",
    "https://esm.sh/twisted@1.61.5": "6bb9da1cc1c7aaa3a28bb3595859ddf5629ee4a110aa46077ac0dded2f108559",
    "https://esm.sh/twisted@1.61.5/dist/constants/champions.js": "a8e7122c0c82420533bd10a27ac20ba545e1edd8c1b2a88236493b2b853afddb",
    "https://esm.sh/twisted@1.61.5/dist/constants/index.js": "3d1dc51ba967b63c89dcf1de156af323dc3cee66a9dc39577d20a77f06595e85",
    "https://esm.sh/twisted@1.61.5/dist/constants/regions.js": "a91b450fac0a2920c99491af67321a1f951bca394eee0675e77486652ad9525c",
    "https://esm.sh/twisted@1.61.5/dist/models-dto/index.js": "e1337e86c637de1b8b17d57b180ebd8229462a3205e66cb404fb7fe302df6a92",
    "https://esm.sh/uuid@11.0.3": "f0b428d61031ed71d806607515ae9d4cedf5fbf75f8bc5b2874c922b2f5fdbc5",
    "https://esm.sh/v135/@total-typescript/ts-reset@0.6.1/denonext/ts-reset.mjs": "4beaccba6a2b1e9d1d9b43318482657968441a695589d9c7c7a54e6f65d6505d",
    "https://esm.sh/v135/axios@1.7.9/denonext/axios.mjs": "e2a06c1ed3df74af2dbd77fbef6031fc1337582d4a0ea00cbffad22d022da62a",
    "https://esm.sh/v135/axios@1.7.9/denonext/lib/adapters/http.js": "84038b46bba5fd86216cddd339905c9d7de0dbe251c5707565ad81ff28cd52f9",
    "https://esm.sh/v135/axios@1.7.9/denonext/lib/adapters/xhr.js": "9f31b990d856b35d9cb5eb366d797c2d7bbe4c07a6fe34851333c81b35853ef2",
    "https://esm.sh/v135/axios@1.7.9/denonext/unsafe/adapters/adapters.js": "0b5fabf61c32c0231fd698e4ad7973e5fc648acf901af1bafbecdd6ffcf58e29",
    "https://esm.sh/v135/axios@1.7.9/denonext/unsafe/adapters/fetch.js": "b5b811e4446ad9328816ab5639495f16a76be743992418da8345ed835e7fbf75",
    "https://esm.sh/v135/axios@1.7.9/denonext/unsafe/axios.js": "f5c533c1b536ebe30f8c4fd413a899e3ab8231ffce68d72f51983ae53693b3de",
    "https://esm.sh/v135/axios@1.7.9/denonext/unsafe/cancel/CancelToken.js": "8f7f61ea723a972f4b9b7306d6010860577a02ba556cb64317c30823f8fa375c",
    "https://esm.sh/v135/axios@1.7.9/denonext/unsafe/cancel/CanceledError.js": "d3b3e9c4dbb2b6e40d68c52aa21463aa641d8ad7893913cf5bd48c595e5072d4",
    "https://esm.sh/v135/axios@1.7.9/denonext/unsafe/cancel/isCancel.js": "bd8fb5809cb8beb4a7b8231e71d558f2730f577b6a63a9ed4a0b835dd09c84bd",
    "https://esm.sh/v135/axios@1.7.9/denonext/unsafe/core/Axios.js": "b33d1734765a409821d70d14a16f3312dc20516dc745bc8830a97f99795b1269",
    "https://esm.sh/v135/axios@1.7.9/denonext/unsafe/core/AxiosError.js": "412739678a51bf6aaeb6b0d9d73b3b1adfa3b20eced5fda887b16ff8248fa187",
    "https://esm.sh/v135/axios@1.7.9/denonext/unsafe/core/AxiosHeaders.js": "aa5668690da6e55ba33150efc55a5bd035087f5fd7a2b6e65be1e657b7857239",
    "https://esm.sh/v135/axios@1.7.9/denonext/unsafe/core/InterceptorManager.js": "a53c5997d4bfafab5e13d3264ceb39a0cdfaee203b18389aeccf9560d53436ae",
    "https://esm.sh/v135/axios@1.7.9/denonext/unsafe/core/buildFullPath.js": "4300f112b0b86fc99a7c12be6346f51b6ec4f915dbb5c54dcfd260b299fcb22b",
    "https://esm.sh/v135/axios@1.7.9/denonext/unsafe/core/dispatchRequest.js": "655eb491a5886167aca24bd618d336efa000bf9072d9e899dab32c954cab7189",
    "https://esm.sh/v135/axios@1.7.9/denonext/unsafe/core/mergeConfig.js": "d7522d97a8a3949f1aeb6f3f2b11a7e882a3eded2ccc1eb90bc06c1f6653e4f6",
    "https://esm.sh/v135/axios@1.7.9/denonext/unsafe/core/settle.js": "fa145816ff00c45871b210293c51b4b3c6e4fa087eb552dfe7a68b5918305ea1",
    "https://esm.sh/v135/axios@1.7.9/denonext/unsafe/core/transformData.js": "b8545b7bf3b322de5ecb8477a8bcd6d7aa7d84bc3e177a56d7d4b4eb71555c66",
    "https://esm.sh/v135/axios@1.7.9/denonext/unsafe/defaults.js": "87baaf78156aee34e9bde12419cc3c9eb23969f430b26a13cc14ce6970bd3f12",
    "https://esm.sh/v135/axios@1.7.9/denonext/unsafe/defaults/transitional.js": "a395d5807de54536177de4d9f921ca0c3584d0903090f82e24f55fc087064b13",
    "https://esm.sh/v135/axios@1.7.9/denonext/unsafe/env/data.js": "13471b164a25cb753699f13736bc755becd380e63938161a686e51da42c27b2e",
    "https://esm.sh/v135/axios@1.7.9/denonext/unsafe/helpers/AxiosTransformStream.js": "87a1da64a4ae86f06d90c5d02e1e7b2bfa4b2535b5fa137c1e6837939975df29",
    "https://esm.sh/v135/axios@1.7.9/denonext/unsafe/helpers/AxiosURLSearchParams.js": "4d1c3b79572e6286f522163fdae062266ce2516c73ad46c46ca3db230e618c20",
    "https://esm.sh/v135/axios@1.7.9/denonext/unsafe/helpers/HttpStatusCode.js": "434347276762f1be46f8d4468a9f86b24857fcca36712054c3dd5ed87767f5c1",
    "https://esm.sh/v135/axios@1.7.9/denonext/unsafe/helpers/ZlibHeaderTransformStream.js": "c3e8d3bc94bbef3f543e427b6b46f9f193ae029e5864ca33374e7a469476adee",
    "https://esm.sh/v135/axios@1.7.9/denonext/unsafe/helpers/bind.js": "437762ff131f44c277254f553333fe7453bb7848ea0df9360ceac7a065722fa0",
    "https://esm.sh/v135/axios@1.7.9/denonext/unsafe/helpers/buildURL.js": "c91d6872d7f16a78ca626255e1f45775d7fa805d79ad595c10c5ae6323941229",
    "https://esm.sh/v135/axios@1.7.9/denonext/unsafe/helpers/callbackify.js": "a3c61fc200fda243f88dbc76876198f6801df554f1db2fa70e4ebf9dc10b2e59",
    "https://esm.sh/v135/axios@1.7.9/denonext/unsafe/helpers/combineURLs.js": "d9deebb604a82cf29caf8dd0f398d42f445aeb9124ce4aa99212368df9da7e6b",
    "https://esm.sh/v135/axios@1.7.9/denonext/unsafe/helpers/composeSignals.js": "cafd4a34a4f20f93f80df21e1906acc0217dadded790dc4db3506b3322c0b80e",
    "https://esm.sh/v135/axios@1.7.9/denonext/unsafe/helpers/cookies.js": "4947ec93ea33e3067fd70e73caa735fc980a92a0fba013c65731b2da588f87c8",
    "https://esm.sh/v135/axios@1.7.9/denonext/unsafe/helpers/formDataToJSON.js": "b90dcc6e7687181eea432612af996f287717aa2e5902a07fb0464d8aa8f26334",
    "https://esm.sh/v135/axios@1.7.9/denonext/unsafe/helpers/formDataToStream.js": "abe1a206bc069b9b3ec82a090a50f356aa9f221ea0a304f897110456043b1769",
    "https://esm.sh/v135/axios@1.7.9/denonext/unsafe/helpers/fromDataURI.js": "e73039cc9eec74e003e9f740abcd5a851cb84a546132ddecc41a1d0c504fa78c",
    "https://esm.sh/v135/axios@1.7.9/denonext/unsafe/helpers/isAbsoluteURL.js": "315048c1c7e62cf7cea8c7fc959441b5b242a7a7d751539686ff72cbca506ad8",
    "https://esm.sh/v135/axios@1.7.9/denonext/unsafe/helpers/isAxiosError.js": "23d99e1ac1da566b1f6ae7b791f53e0acb95ca3ab006ac7cfb9be5913b15e251",
    "https://esm.sh/v135/axios@1.7.9/denonext/unsafe/helpers/isURLSameOrigin.js": "f09efd97de084a3508ff08e32de06157184081bd63d7c2af984220d0a5efb662",
    "https://esm.sh/v135/axios@1.7.9/denonext/unsafe/helpers/parseHeaders.js": "8b6b20131ebb487caf64abe59fd142638d683c67bbc03b35b8c3b9a26eeec2d5",
    "https://esm.sh/v135/axios@1.7.9/denonext/unsafe/helpers/parseProtocol.js": "e0471b6dbe0a72af660ddb637724f5078db69c5601131664fce2d92743a8c670",
    "https://esm.sh/v135/axios@1.7.9/denonext/unsafe/helpers/progressEventReducer.js": "183ef9f88689711de446fd53b52a7f3d6fa964cd05dac54a88a4ead8fb5d1cf6",
    "https://esm.sh/v135/axios@1.7.9/denonext/unsafe/helpers/readBlob.js": "5f0a4157684d3f0171a8b4d2edcc5ff3c0fab122a1a8d96f3d59e0750246f54f",
    "https://esm.sh/v135/axios@1.7.9/denonext/unsafe/helpers/resolveConfig.js": "1a0b5025ba8e9f0cca7360d7f97354e97c9db33c5e978168ea5248f2a076e2c5",
    "https://esm.sh/v135/axios@1.7.9/denonext/unsafe/helpers/speedometer.js": "b989ec4c371dbee812e900eabb2ca60d86b2d44057c1c5ee342c18b023ca85db",
    "https://esm.sh/v135/axios@1.7.9/denonext/unsafe/helpers/spread.js": "af092272ed8f8f4f6c3038bbf12212607ebcfd62d8b7059a8f0e76ded4dedea8",
    "https://esm.sh/v135/axios@1.7.9/denonext/unsafe/helpers/throttle.js": "d2039a7d7c9ebf2e6deae5df178ec08ea0e455abf84a276e204c9c2594812213",
    "https://esm.sh/v135/axios@1.7.9/denonext/unsafe/helpers/toFormData.js": "3cdeb641a841180d874177964aba976baa1dbd48fe952757bf6051ea5807a8f7",
    "https://esm.sh/v135/axios@1.7.9/denonext/unsafe/helpers/toURLEncodedForm.js": "fd72f4d2b90b292fb03ec63334431bfae4ee3f401ca6bc303a8ceac8a4f11ed4",
    "https://esm.sh/v135/axios@1.7.9/denonext/unsafe/helpers/trackStream.js": "c5f07e259edb411a740b3ec1648678044002b01450311842c5e4c9f1a8a37a9b",
    "https://esm.sh/v135/axios@1.7.9/denonext/unsafe/helpers/validator.js": "85d9586159455e551bb38ce58c227f417bb96c8c877ee622acfd68b851f2f56d",
    "https://esm.sh/v135/axios@1.7.9/denonext/unsafe/platform.js": "c0680d2e957206376a42d59d02cd9af66b14a3d1010d7ead5e2ed159af6f2627",
    "https://esm.sh/v135/axios@1.7.9/denonext/unsafe/platform/common/utils.js": "e635e698c12adb9350e735189626f0e9425befb25b9911f54a26ff8cd3fe22f0",
    "https://esm.sh/v135/axios@1.7.9/denonext/unsafe/platform/node.js": "535c245edf05ed3629aeabb8ebd770f6a29d5851f259754be1b960eb937c56d3",
    "https://esm.sh/v135/axios@1.7.9/denonext/unsafe/platform/node/classes/FormData.js": "aa66f11c6f75dc251f586cb530a09c03941af5c169e4b76a2d748d0aaf52a72f",
    "https://esm.sh/v135/axios@1.7.9/denonext/unsafe/platform/node/classes/URLSearchParams.js": "dab1b192de5c36add2c6434aa6705881b81d7d12481e3d93e10ffc3a3a390272",
    "https://esm.sh/v135/axios@1.7.9/denonext/unsafe/utils.js": "7fe26fbcd763c20eb005c3c989fae99968d5ac57f23a9319bc8e49be3f768d80",
    "https://esm.sh/v135/cron@3.3.1/denonext/cron.mjs": "494d49a73387adb75ca38b946422efcbbb6de825ac9a7b0bdacdad29a539ce4d",
    "https://esm.sh/v135/cron@3.3.2/denonext/cron.mjs": "548108383f574fc2db254623a30d31f81f417141010758923dd8941334f5700e",
    "https://esm.sh/v135/date-fns@4.1.0/denonext/date-fns.mjs": "3ae1a2baa194c80b8d487ffe395e6a01748957e1722ef43b80acbd3a5d77854c",
    "https://esm.sh/v135/debug@4.3.7/denonext/debug.mjs": "83a87de38124da10cfb7a9ee1d8a643bdb90f29191e5bd7d2ef98c172cc5223a",
    "https://esm.sh/v135/dotenv@16.4.7/denonext/dotenv.mjs": "00f2b29b1ceda29a708e9063afd8243310d8772b90dd87704d2a3646fe328a0f",
    "https://esm.sh/v135/env-var@7.5.0/denonext/env-var.mjs": "7fcae4c8ed1e4475f71f118719a49688dea990a9ecc1bc64af69c0b186144037",
    "https://esm.sh/v135/follow-redirects@1.15.9/denonext/follow-redirects.mjs": "4b745efb4974d3c362e7d8ed072957bd7c9f621dd0b79f8c0006c426ec9f6dba",
    "https://esm.sh/v135/form-data@4.0.1/denonext/form-data.mjs": "c39c523082a67f0905290b4cc483d036965ddd6c6f3071a1c9914521125f47c6",
    "https://esm.sh/v135/http-status-codes@2.3.0/denonext/http-status-codes.mjs": "04299091e8d899a763602b2dc7f05ec9941e21a0dc2b2a31dc1ded11e94da79e",
    "https://esm.sh/v135/lodash@4.17.21/denonext/lodash.mjs": "f04a5db09228738fd8cd06b6d1eaf3463b1b639d1529cf11673c3ac7bda1b1a8",
    "https://esm.sh/v135/luxon@3.5.0/denonext/luxon.mjs": "1b02fd2c3624b02462336a1d4e9f197159f60082a5fc5813e72a42833a03bcef",
    "https://esm.sh/v135/ms@2.1.3/denonext/ms.mjs": "0f06597e493998793b8f52232868976128fca326eec3bcd56f10e66e6efd1839",
    "https://esm.sh/v135/promise-queue@2.2.5/denonext/promise-queue.mjs": "86fa0fadfeb3d66de5a040d338018538da2ba6c12b75a115d23821f55faa2cc7",
    "https://esm.sh/v135/proxy-from-env@1.1.0/denonext/proxy-from-env.mjs": "5a2113ba20eb6fc83d6d68efd3aa65c4b61f05611da20339b14d165807eccfd7",
    "https://esm.sh/v135/remeda@2.17.4/denonext/remeda.mjs": "2ff5758e4d0d95452e4d4f0b190200874340cc7084de4075c6b7472937d70928",
    "https://esm.sh/v135/remeda@2.18.0/denonext/remeda.mjs": "fa3f0e5fe9dbe5acd01c260a47dc4cbbef1aa50d232a6b913f2395d215eb26bd",
    "https://esm.sh/v135/remeda@2.19.0/denonext/dist/unique.js": "1fceba8763299c747967e344c5538ff4c64a259e08c36d3dd0e16d94fb03bc5c",
    "https://esm.sh/v135/remeda@2.19.0/denonext/remeda.mjs": "8473eca3903d8517b1d9f7ebfcb019b4aaf2d1e2d082a3209142a93cd07cca3a",
    "https://esm.sh/v135/remeda@2.19.0/dist/unique.js": "9c399f9bebec6dfef0bedfbb50823fb645012ed912b8316e9cf12210781b41ac",
    "https://esm.sh/v135/ts-pattern@5.5.0/denonext/ts-pattern.mjs": "9a46f2455924bd77697a93b7928b3bd3227af3838b849214e3fbf6552175df63",
    "https://esm.sh/v135/ts-pattern@5.6.0/denonext/ts-pattern.mjs": "518a6b3f30ecd5cae77e1293e78da1ccba1387592458d9587e25dc43277909d3",
    "https://esm.sh/v135/twisted@1.61.5/denonext/dist/apis/riot/account/account.js": "44621dbb0ad4617a7e1aba8a7d90011ecbabee18314634c1c1105328d231ca92",
    "https://esm.sh/v135/twisted@1.61.5/denonext/dist/constants.js": "531115649a1c6280f931125607c23ce65895d948050dd25eaeebe375c2f7211e",
    "https://esm.sh/v135/twisted@1.61.5/denonext/dist/constants/champions.js": "483ac8e5f6a6346be93f42e97ecae5b87b7f602c621ee7c3ec89590222fb4343",
    "https://esm.sh/v135/twisted@1.61.5/denonext/dist/constants/regions.js": "51f18a2eae38d398879cd87d21d76d81586d1e869c48db6b6b79048ecfc3e4f4",
    "https://esm.sh/v135/twisted@1.61.5/denonext/dist/models-dto.js": "1bd23da02999e607eeada8375ceb2b9574aae920a69c934c0f2013ae2a5d1eb7",
    "https://esm.sh/v135/twisted@1.61.5/denonext/twisted.mjs": "cd440c9409856d12c6d01618278de0d061ddd41dd5ae5874c91f298557a7e9c1",
    "https://esm.sh/v135/twisted@1.61.5/dist/apis/riot/account/account.js": "63b0ca1b4df2b28ec06c05030df0557081e3672ac4e972dd2cc6ebf46dcb3aad",
    "https://esm.sh/v135/twisted@1.61.5/dist/constants/index.js": "3d1dc51ba967b63c89dcf1de156af323dc3cee66a9dc39577d20a77f06595e85",
    "https://esm.sh/v135/twisted@1.61.5/dist/constants/regions.js": "a91b450fac0a2920c99491af67321a1f951bca394eee0675e77486652ad9525c",
    "https://esm.sh/v135/twisted@1.61.5/dist/models-dto/index.js": "e1337e86c637de1b8b17d57b180ebd8229462a3205e66cb404fb7fe302df6a92",
    "https://esm.sh/v135/type-fest@4.29.0/denonext/source/simplify.d.js": "6f32ad748868501c20679052fe606ce62d77b246c63be0961231bf8374a2582e",
    "https://esm.sh/v135/type-fest@4.29.0/denonext/source/union-to-intersection.d.js": "64d50fcea4257154d257c5c0a2ff787b1b86f2b602a1549e36f06fabd4880152",
    "https://esm.sh/v135/type-fest@4.29.0/source/simplify.d": "dfee48aa037e7a99c7c1717f7cdb59204dbbcd11af0afd75bfb7455d6c890310",
    "https://esm.sh/v135/type-fest@4.29.0/source/union-to-intersection.d": "983b6e90fb07b942b5339a7fcba022bf815bfdf25df6cbae61e7d321c785e377",
    "https://esm.sh/v135/type-fest@4.30.1/denonext/source/simplify.d.js": "313b8a95c66d8c94aec51191ae7ed68ede158af42e2ae6487f2dd79102822562",
    "https://esm.sh/v135/type-fest@4.30.1/denonext/source/union-to-intersection.d.js": "62b73bee5569c8d39e1245bfb37ce61d6d36934da54474dd8794ca390c593797",
    "https://esm.sh/v135/type-fest@4.30.1/source/simplify.d": "42ef5b4f89e4adca0ba47186d7d3b90babdf157c88f1062fd68ffe52994703aa",
    "https://esm.sh/v135/type-fest@4.30.1/source/union-to-intersection.d": "4952e0031112e267e33429643ea8406ddbff974c18af57622973b93d369ebb03",
    "https://esm.sh/v135/type-fest@4.30.2/denonext/source/simplify.d.js": "6bb4fd7ea1ef11ee180be67356c5f42eb9812d243c21257d34f2c14effb5d665",
    "https://esm.sh/v135/type-fest@4.30.2/denonext/source/union-to-intersection.d.js": "131563cf651c20060eb48f1f7cb9f3312cbe5c56c2ff858dc693dec52d26d941",
    "https://esm.sh/v135/type-fest@4.30.2/source/simplify.d": "628458b10e498e2d5218acd3e979a897089260f33a54a19be97359eee23e4e0c",
    "https://esm.sh/v135/type-fest@4.30.2/source/union-to-intersection.d": "5c9902261f13940fa13f42704bc9ddb138e93281419f77342c0b70e9fd5c957b",
    "https://esm.sh/v135/uuid@11.0.3/denonext/uuid.mjs": "fbc8dffa2cd47b0e09e0fae496e0ff05f4bc2814a487a62a45fdc540d076ec5f",
    "https://esm.sh/v135/zod-validation-error@3.4.0/denonext/zod-validation-error.mjs": "f04ec7905cc792667a8808542a34896db855116a6f903e27dd50dd2df3cc2d10",
    "https://esm.sh/v135/zod@3.23.8/denonext/zod.mjs": "b3707b03ddc01aab11b740436ab23c0fcc8d15fed072be20085c1fd611016b61",
    "https://esm.sh/v135/zod@3.24.1/denonext/zod.mjs": "267cf807d908327192aa402850ce2cf1c199c02b097f4c521272a42538dad53a",
    "https://esm.sh/zod-validation-error@3.4.0": "6c44e29c48b69267648547330e62fbf95e17d5a0bc41caebe2242c15e5b3c755",
    "https://esm.sh/zod@3.24.1": "c6bc4bbea04826432b2b4e66b77316c0fa90d1132e879dd0193c90f9114436c4"
  },
  "workspace": {
    "dependencies": [
      "jsr:@db/sqlite@0.12.0",
      "jsr:@deno/cache-dir@0.16.0",
      "jsr:@std/assert@1.0.10",
      "jsr:@std/encoding@1.0.6",
      "jsr:@std/testing@1.0.8",
      "npm:@resvg/resvg-js@2.6.2",
      "npm:discord.js@14.17.2",
      "npm:prisma@6.1.0",
      "npm:satori@0.12.0",
      "npm:yoga-wasm-web@0.3.3"
    ]
  }
}
